
Microsoft Visual Studio Solution File, Format Version 12.00
# Visual Studio Version 17
VisualStudioVersion = 17.7.34024.191
MinimumVisualStudioVersion = 10.0.40219.1
Project("{FAE04EC0-301F-11D3-BF4B-00C04F79EFBC}") = "FunPress.Startup", "FunPress.Startup\FunPress.Startup.csproj", "{F992BE11-CFBB-48EB-8853-1D15D4B0177F}"
EndProject
Project("{FAE04EC0-301F-11D3-BF4B-00C04F79EFBC}") = "FunPress.Core", "FunPress.Core\FunPress.Core.csproj", "{32057822-C98C-42A3-B83C-77E1705395EE}"
EndProject
Project("{FAE04EC0-301F-11D3-BF4B-00C04F79EFBC}") = "FunPress.Common", "FunPress.Common\FunPress.Common.csproj", "{D46E9184-E029-4057-A009-0D004067133E}"
EndProject
Project("{FAE04EC0-301F-11D3-BF4B-00C04F79EFBC}") = "FunPress.ViewModels", "FunPress.ViewModels\FunPress.ViewModels.csproj", "{EDB6B178-056F-4CEF-9161-804071AA6DBA}"
EndProject
Project("{FAE04EC0-301F-11D3-BF4B-00C04F79EFBC}") = "FunPress.Views", "FunPress.Views\FunPress.Views.csproj", "{66E2CE2D-91D1-42B7-9C9F-17625943B6BC}"
EndProject
Global
	GlobalSection(SolutionConfigurationPlatforms) = preSolution
		Debug|Any CPU = Debug|Any CPU
		Release|Any CPU = Release|Any CPU
	EndGlobalSection
	GlobalSection(ProjectConfigurationPlatforms) = postSolution
		{F992BE11-CFBB-48EB-8853-1D15D4B0177F}.Debug|Any CPU.ActiveCfg = Debug|Any CPU
		{F992BE11-CFBB-48EB-8853-1D15D4B0177F}.Debug|Any CPU.Build.0 = Debug|Any CPU
		{F992BE11-CFBB-48EB-8853-1D15D4B0177F}.Release|Any CPU.ActiveCfg = Release|Any CPU
		{F992BE11-CFBB-48EB-8853-1D15D4B0177F}.Release|Any CPU.Build.0 = Release|Any CPU
		{32057822-C98C-42A3-B83C-77E1705395EE}.Debug|Any CPU.ActiveCfg = Debug|Any CPU
		{32057822-C98C-42A3-B83C-77E1705395EE}.Debug|Any CPU.Build.0 = Debug|Any CPU
		{32057822-C98C-42A3-B83C-77E1705395EE}.Release|Any CPU.ActiveCfg = Release|Any CPU
		{32057822-C98C-42A3-B83C-77E1705395EE}.Release|Any CPU.Build.0 = Release|Any CPU
		{D46E9184-E029-4057-A009-0D004067133E}.Debug|Any CPU.ActiveCfg = Debug|Any CPU
		{D46E9184-E029-4057-A009-0D004067133E}.Debug|Any CPU.Build.0 = Debug|Any CPU
		{D46E9184-E029-4057-A009-0D004067133E}.Release|Any CPU.ActiveCfg = Release|Any CPU
		{D46E9184-E029-4057-A009-0D004067133E}.Release|Any CPU.Build.0 = Release|Any CPU
		{EDB6B178-056F-4CEF-9161-804071AA6DBA}.Debug|Any CPU.ActiveCfg = Debug|Any CPU
		{EDB6B178-056F-4CEF-9161-804071AA6DBA}.Debug|Any CPU.Build.0 = Debug|Any CPU
		{EDB6B178-056F-4CEF-9161-804071AA6DBA}.Release|Any CPU.ActiveCfg = Release|Any CPU
		{EDB6B178-056F-4CEF-9161-804071AA6DBA}.Release|Any CPU.Build.0 = Release|Any CPU
		{66E2CE2D-91D1-42B7-9C9F-17625943B6BC}.Debug|Any CPU.ActiveCfg = Debug|Any CPU
		{66E2CE2D-91D1-42B7-9C9F-17625943B6BC}.Debug|Any CPU.Build.0 = Debug|Any CPU
		{66E2CE2D-91D1-42B7-9C9F-17625943B6BC}.Release|Any CPU.ActiveCfg = Release|Any CPU
		{66E2CE2D-91D1-42B7-9C9F-17625943B6BC}.Release|Any CPU.Build.0 = Release|Any CPU
	EndGlobalSection
	GlobalSection(SolutionProperties) = preSolution
		HideSolutionNode = FALSE
	EndGlobalSection
	GlobalSection(ExtensibilityGlobals) = postSolution
		SolutionGuid = {CC1C1833-5DF3-4B9D-A542-401D7761879C}
	EndGlobalSection
EndGlobal
